// !$*UTF8*$!
{
	archiveVersion = 1;
	classes = {
	};
	objectVersion = 46;
	objects = {

/* Begin PBXBuildFile section */
		4EA518125032DBA964DB122E /* libPods-HackathonThing.a in Frameworks */ = {isa = PBXBuildFile; fileRef = 477F9DEACCE2A71EA06304B2 /* libPods-HackathonThing.a */; };
		7E0D19D31C5937FA00F11FD1 /* HTTPClient.m in Sources */ = {isa = PBXBuildFile; fileRef = 7E0D19D21C5937FA00F11FD1 /* HTTPClient.m */; };
		7E0D19D61C594CC800F11FD1 /* SwipeViewController.m in Sources */ = {isa = PBXBuildFile; fileRef = 7E0D19D51C594CC800F11FD1 /* SwipeViewController.m */; };
		7E0D19D91C59529800F11FD1 /* AthleteView.m in Sources */ = {isa = PBXBuildFile; fileRef = 7E0D19D81C59529800F11FD1 /* AthleteView.m */; };
		7E0D19E31C59555300F11FD1 /* Birdman.png in Resources */ = {isa = PBXBuildFile; fileRef = 7E0D19DB1C59555300F11FD1 /* Birdman.png */; };
		7E0D19E41C59555300F11FD1 /* Meeseeks.png in Resources */ = {isa = PBXBuildFile; fileRef = 7E0D19DC1C59555300F11FD1 /* Meeseeks.png */; };
		7E0D19E51C59555300F11FD1 /* Morty.png in Resources */ = {isa = PBXBuildFile; fileRef = 7E0D19DD1C59555300F11FD1 /* Morty.png */; };
		7E0D19E61C59555300F11FD1 /* MrGoldenfold.png in Resources */ = {isa = PBXBuildFile; fileRef = 7E0D19DE1C59555300F11FD1 /* MrGoldenfold.png */; };
		7E0D19E71C59555300F11FD1 /* MuscleRick.png in Resources */ = {isa = PBXBuildFile; fileRef = 7E0D19DF1C59555300F11FD1 /* MuscleRick.png */; };
		7E0D19E81C59555300F11FD1 /* PoopyButthole.png in Resources */ = {isa = PBXBuildFile; fileRef = 7E0D19E01C59555300F11FD1 /* PoopyButthole.png */; };
		7E0D19E91C59555300F11FD1 /* Rick.png in Resources */ = {isa = PBXBuildFile; fileRef = 7E0D19E11C59555300F11FD1 /* Rick.png */; };
		7E0D19EA1C59555300F11FD1 /* Snuffles.png in Resources */ = {isa = PBXBuildFile; fileRef = 7E0D19E21C59555300F11FD1 /* Snuffles.png */; };
		7E0D19ED1C5955B400F11FD1 /* AthleteModel.m in Sources */ = {isa = PBXBuildFile; fileRef = 7E0D19EC1C5955B400F11FD1 /* AthleteModel.m */; };
		7EB98A921C59289C004067C5 /* main.m in Sources */ = {isa = PBXBuildFile; fileRef = 7EB98A911C59289C004067C5 /* main.m */; };
		7EB98A951C59289C004067C5 /* AppDelegate.m in Sources */ = {isa = PBXBuildFile; fileRef = 7EB98A941C59289C004067C5 /* AppDelegate.m */; };
		7EB98A981C59289C004067C5 /* ViewController.m in Sources */ = {isa = PBXBuildFile; fileRef = 7EB98A971C59289C004067C5 /* ViewController.m */; };
		7EB98A9B1C59289C004067C5 /* Main.storyboard in Resources */ = {isa = PBXBuildFile; fileRef = 7EB98A991C59289C004067C5 /* Main.storyboard */; };
		7EB98A9D1C59289C004067C5 /* Assets.xcassets in Resources */ = {isa = PBXBuildFile; fileRef = 7EB98A9C1C59289C004067C5 /* Assets.xcassets */; };
		7EB98AA01C59289C004067C5 /* LaunchScreen.storyboard in Resources */ = {isa = PBXBuildFile; fileRef = 7EB98A9E1C59289C004067C5 /* LaunchScreen.storyboard */; };
		7EB98AAB1C59289C004067C5 /* HackathonThingTests.m in Sources */ = {isa = PBXBuildFile; fileRef = 7EB98AAA1C59289C004067C5 /* HackathonThingTests.m */; };
		7EB98AB61C59289C004067C5 /* HackathonThingUITests.m in Sources */ = {isa = PBXBuildFile; fileRef = 7EB98AB51C59289C004067C5 /* HackathonThingUITests.m */; };
/* End PBXBuildFile section */

/* Begin PBXContainerItemProxy section */
		7EB98AA71C59289C004067C5 /* PBXContainerItemProxy */ = {
			isa = PBXContainerItemProxy;
			containerPortal = 7EB98A851C59289C004067C5 /* Project object */;
			proxyType = 1;
			remoteGlobalIDString = 7EB98A8C1C59289C004067C5;
			remoteInfo = HackathonThing;
		};
		7EB98AB21C59289C004067C5 /* PBXContainerItemProxy */ = {
			isa = PBXContainerItemProxy;
			containerPortal = 7EB98A851C59289C004067C5 /* Project object */;
			proxyType = 1;
			remoteGlobalIDString = 7EB98A8C1C59289C004067C5;
			remoteInfo = HackathonThing;
		};
/* End PBXContainerItemProxy section */

/* Begin PBXFileReference section */
		194EBA3F74AC789E6F5BDBE2 /* Pods-HackathonThing.debug.xcconfig */ = {isa = PBXFileReference; includeInIndex = 1; lastKnownFileType = text.xcconfig; name = "Pods-HackathonThing.debug.xcconfig"; path = "Pods/Target Support Files/Pods-HackathonThing/Pods-HackathonThing.debug.xcconfig"; sourceTree = "<group>"; };
		477F9DEACCE2A71EA06304B2 /* libPods-HackathonThing.a */ = {isa = PBXFileReference; explicitFileType = archive.ar; includeInIndex = 0; path = "libPods-HackathonThing.a"; sourceTree = BUILT_PRODUCTS_DIR; };
		7E0D19D11C5937FA00F11FD1 /* HTTPClient.h */ = {isa = PBXFileReference; fileEncoding = 4; lastKnownFileType = sourcecode.c.h; path = HTTPClient.h; sourceTree = "<group>"; };
		7E0D19D21C5937FA00F11FD1 /* HTTPClient.m */ = {isa = PBXFileReference; fileEncoding = 4; lastKnownFileType = sourcecode.c.objc; path = HTTPClient.m; sourceTree = "<group>"; };
		7E0D19D41C594CC800F11FD1 /* SwipeViewController.h */ = {isa = PBXFileReference; fileEncoding = 4; lastKnownFileType = sourcecode.c.h; path = SwipeViewController.h; sourceTree = "<group>"; };
		7E0D19D51C594CC800F11FD1 /* SwipeViewController.m */ = {isa = PBXFileReference; fileEncoding = 4; lastKnownFileType = sourcecode.c.objc; path = SwipeViewController.m; sourceTree = "<group>"; };
		7E0D19D71C59529800F11FD1 /* AthleteView.h */ = {isa = PBXFileReference; fileEncoding = 4; lastKnownFileType = sourcecode.c.h; path = AthleteView.h; sourceTree = "<group>"; };
		7E0D19D81C59529800F11FD1 /* AthleteView.m */ = {isa = PBXFileReference; fileEncoding = 4; lastKnownFileType = sourcecode.c.objc; path = AthleteView.m; sourceTree = "<group>"; };
		7E0D19DB1C59555300F11FD1 /* Birdman.png */ = {isa = PBXFileReference; lastKnownFileType = image.png; path = Birdman.png; sourceTree = "<group>"; };
		7E0D19DC1C59555300F11FD1 /* Meeseeks.png */ = {isa = PBXFileReference; lastKnownFileType = image.png; path = Meeseeks.png; sourceTree = "<group>"; };
		7E0D19DD1C59555300F11FD1 /* Morty.png */ = {isa = PBXFileReference; lastKnownFileType = image.png; path = Morty.png; sourceTree = "<group>"; };
		7E0D19DE1C59555300F11FD1 /* MrGoldenfold.png */ = {isa = PBXFileReference; lastKnownFileType = image.png; path = MrGoldenfold.png; sourceTree = "<group>"; };
		7E0D19DF1C59555300F11FD1 /* MuscleRick.png */ = {isa = PBXFileReference; lastKnownFileType = image.png; path = MuscleRick.png; sourceTree = "<group>"; };
		7E0D19E01C59555300F11FD1 /* PoopyButthole.png */ = {isa = PBXFileReference; lastKnownFileType = image.png; path = PoopyButthole.png; sourceTree = "<group>"; };
		7E0D19E11C59555300F11FD1 /* Rick.png */ = {isa = PBXFileReference; lastKnownFileType = image.png; path = Rick.png; sourceTree = "<group>"; };
		7E0D19E21C59555300F11FD1 /* Snuffles.png */ = {isa = PBXFileReference; lastKnownFileType = image.png; path = Snuffles.png; sourceTree = "<group>"; };
		7E0D19EB1C5955B400F11FD1 /* AthleteModel.h */ = {isa = PBXFileReference; fileEncoding = 4; lastKnownFileType = sourcecode.c.h; path = AthleteModel.h; sourceTree = "<group>"; };
		7E0D19EC1C5955B400F11FD1 /* AthleteModel.m */ = {isa = PBXFileReference; fileEncoding = 4; lastKnownFileType = sourcecode.c.objc; path = AthleteModel.m; sourceTree = "<group>"; };
		7EB98A8D1C59289C004067C5 /* HackathonThing.app */ = {isa = PBXFileReference; explicitFileType = wrapper.application; includeInIndex = 0; path = HackathonThing.app; sourceTree = BUILT_PRODUCTS_DIR; };
		7EB98A911C59289C004067C5 /* main.m */ = {isa = PBXFileReference; lastKnownFileType = sourcecode.c.objc; path = main.m; sourceTree = "<group>"; };
		7EB98A931C59289C004067C5 /* AppDelegate.h */ = {isa = PBXFileReference; lastKnownFileType = sourcecode.c.h; path = AppDelegate.h; sourceTree = "<group>"; };
		7EB98A941C59289C004067C5 /* AppDelegate.m */ = {isa = PBXFileReference; lastKnownFileType = sourcecode.c.objc; path = AppDelegate.m; sourceTree = "<group>"; };
		7EB98A961C59289C004067C5 /* ViewController.h */ = {isa = PBXFileReference; lastKnownFileType = sourcecode.c.h; path = ViewController.h; sourceTree = "<group>"; };
		7EB98A971C59289C004067C5 /* ViewController.m */ = {isa = PBXFileReference; lastKnownFileType = sourcecode.c.objc; path = ViewController.m; sourceTree = "<group>"; };
		7EB98A9A1C59289C004067C5 /* Base */ = {isa = PBXFileReference; lastKnownFileType = file.storyboard; name = Base; path = Base.lproj/Main.storyboard; sourceTree = "<group>"; };
		7EB98A9C1C59289C004067C5 /* Assets.xcassets */ = {isa = PBXFileReference; lastKnownFileType = folder.assetcatalog; path = Assets.xcassets; sourceTree = "<group>"; };
		7EB98A9F1C59289C004067C5 /* Base */ = {isa = PBXFileReference; lastKnownFileType = file.storyboard; name = Base; path = Base.lproj/LaunchScreen.storyboard; sourceTree = "<group>"; };
		7EB98AA11C59289C004067C5 /* Info.plist */ = {isa = PBXFileReference; lastKnownFileType = text.plist.xml; path = Info.plist; sourceTree = "<group>"; };
		7EB98AA61C59289C004067C5 /* HackathonThingTests.xctest */ = {isa = PBXFileReference; explicitFileType = wrapper.cfbundle; includeInIndex = 0; path = HackathonThingTests.xctest; sourceTree = BUILT_PRODUCTS_DIR; };
		7EB98AAA1C59289C004067C5 /* HackathonThingTests.m */ = {isa = PBXFileReference; lastKnownFileType = sourcecode.c.objc; path = HackathonThingTests.m; sourceTree = "<group>"; };
		7EB98AAC1C59289C004067C5 /* Info.plist */ = {isa = PBXFileReference; lastKnownFileType = text.plist.xml; path = Info.plist; sourceTree = "<group>"; };
		7EB98AB11C59289C004067C5 /* HackathonThingUITests.xctest */ = {isa = PBXFileReference; explicitFileType = wrapper.cfbundle; includeInIndex = 0; path = HackathonThingUITests.xctest; sourceTree = BUILT_PRODUCTS_DIR; };
		7EB98AB51C59289C004067C5 /* HackathonThingUITests.m */ = {isa = PBXFileReference; lastKnownFileType = sourcecode.c.objc; path = HackathonThingUITests.m; sourceTree = "<group>"; };
		7EB98AB71C59289C004067C5 /* Info.plist */ = {isa = PBXFileReference; lastKnownFileType = text.plist.xml; path = Info.plist; sourceTree = "<group>"; };
		A50C47E472831B5ED248D5A6 /* Pods-HackathonThing.release.xcconfig */ = {isa = PBXFileReference; includeInIndex = 1; lastKnownFileType = text.xcconfig; name = "Pods-HackathonThing.release.xcconfig"; path = "Pods/Target Support Files/Pods-HackathonThing/Pods-HackathonThing.release.xcconfig"; sourceTree = "<group>"; };
/* End PBXFileReference section */

/* Begin PBXFrameworksBuildPhase section */
		7EB98A8A1C59289C004067C5 /* Frameworks */ = {
			isa = PBXFrameworksBuildPhase;
			buildActionMask = 2147483647;
			files = (
				4EA518125032DBA964DB122E /* libPods-HackathonThing.a in Frameworks */,
			);
			runOnlyForDeploymentPostprocessing = 0;
		};
		7EB98AA31C59289C004067C5 /* Frameworks */ = {
			isa = PBXFrameworksBuildPhase;
			buildActionMask = 2147483647;
			files = (
			);
			runOnlyForDeploymentPostprocessing = 0;
		};
		7EB98AAE1C59289C004067C5 /* Frameworks */ = {
			isa = PBXFrameworksBuildPhase;
			buildActionMask = 2147483647;
			files = (
			);
			runOnlyForDeploymentPostprocessing = 0;
		};
/* End PBXFrameworksBuildPhase section */

/* Begin PBXGroup section */
		7E0D19DA1C59555300F11FD1 /* Images */ = {
			isa = PBXGroup;
			children = (
				7E0D19DB1C59555300F11FD1 /* Birdman.png */,
				7E0D19DC1C59555300F11FD1 /* Meeseeks.png */,
				7E0D19DD1C59555300F11FD1 /* Morty.png */,
				7E0D19DE1C59555300F11FD1 /* MrGoldenfold.png */,
				7E0D19DF1C59555300F11FD1 /* MuscleRick.png */,
				7E0D19E01C59555300F11FD1 /* PoopyButthole.png */,
				7E0D19E11C59555300F11FD1 /* Rick.png */,
				7E0D19E21C59555300F11FD1 /* Snuffles.png */,
			);
			path = Images;
			sourceTree = "<group>";
		};
		7EB98A841C59289C004067C5 = {
			isa = PBXGroup;
			children = (
				7EB98A8F1C59289C004067C5 /* HackathonThing */,
				7EB98AA91C59289C004067C5 /* HackathonThingTests */,
				7EB98AB41C59289C004067C5 /* HackathonThingUITests */,
				7EB98A8E1C59289C004067C5 /* Products */,
				ABC9853F545E5446E4322350 /* Pods */,
				998BB6CB835F0EDE355C7B9C /* Frameworks */,
			);
			sourceTree = "<group>";
		};
		7EB98A8E1C59289C004067C5 /* Products */ = {
			isa = PBXGroup;
			children = (
				7EB98A8D1C59289C004067C5 /* HackathonThing.app */,
				7EB98AA61C59289C004067C5 /* HackathonThingTests.xctest */,
				7EB98AB11C59289C004067C5 /* HackathonThingUITests.xctest */,
			);
			name = Products;
			sourceTree = "<group>";
		};
		7EB98A8F1C59289C004067C5 /* HackathonThing */ = {
			isa = PBXGroup;
			children = (
				7E0D19D41C594CC800F11FD1 /* SwipeViewController.h */,
				7E0D19D51C594CC800F11FD1 /* SwipeViewController.m */,
				7E0D19D11C5937FA00F11FD1 /* HTTPClient.h */,
				7E0D19D21C5937FA00F11FD1 /* HTTPClient.m */,
				7EB98A931C59289C004067C5 /* AppDelegate.h */,
				7EB98A941C59289C004067C5 /* AppDelegate.m */,
				7EB98A961C59289C004067C5 /* ViewController.h */,
				7EB98A971C59289C004067C5 /* ViewController.m */,
				7EB98A991C59289C004067C5 /* Main.storyboard */,
				7EB98A9C1C59289C004067C5 /* Assets.xcassets */,
				7EB98A9E1C59289C004067C5 /* LaunchScreen.storyboard */,
				7EB98AA11C59289C004067C5 /* Info.plist */,
				7EB98A901C59289C004067C5 /* Supporting Files */,
				7E0D19D71C59529800F11FD1 /* AthleteView.h */,
				7E0D19D81C59529800F11FD1 /* AthleteView.m */,
				7E0D19EB1C5955B400F11FD1 /* AthleteModel.h */,
				7E0D19EC1C5955B400F11FD1 /* AthleteModel.m */,
			);
			path = HackathonThing;
			sourceTree = "<group>";
		};
		7EB98A901C59289C004067C5 /* Supporting Files */ = {
			isa = PBXGroup;
			children = (
				7E0D19DA1C59555300F11FD1 /* Images */,
				7EB98A911C59289C004067C5 /* main.m */,
			);
			name = "Supporting Files";
			sourceTree = "<group>";
		};
		7EB98AA91C59289C004067C5 /* HackathonThingTests */ = {
			isa = PBXGroup;
			children = (
				7EB98AAA1C59289C004067C5 /* HackathonThingTests.m */,
				7EB98AAC1C59289C004067C5 /* Info.plist */,
			);
			path = HackathonThingTests;
			sourceTree = "<group>";
		};
		7EB98AB41C59289C004067C5 /* HackathonThingUITests */ = {
			isa = PBXGroup;
			children = (
				7EB98AB51C59289C004067C5 /* HackathonThingUITests.m */,
				7EB98AB71C59289C004067C5 /* Info.plist */,
			);
			path = HackathonThingUITests;
			sourceTree = "<group>";
		};
		998BB6CB835F0EDE355C7B9C /* Frameworks */ = {
			isa = PBXGroup;
			children = (
				477F9DEACCE2A71EA06304B2 /* libPods-HackathonThing.a */,
			);
			name = Frameworks;
			sourceTree = "<group>";
		};
		ABC9853F545E5446E4322350 /* Pods */ = {
			isa = PBXGroup;
			children = (
				194EBA3F74AC789E6F5BDBE2 /* Pods-HackathonThing.debug.xcconfig */,
				A50C47E472831B5ED248D5A6 /* Pods-HackathonThing.release.xcconfig */,
			);
			name = Pods;
			sourceTree = "<group>";
		};
/* End PBXGroup section */

/* Begin PBXNativeTarget section */
		7EB98A8C1C59289C004067C5 /* HackathonThing */ = {
			isa = PBXNativeTarget;
			buildConfigurationList = 7EB98ABA1C59289C004067C5 /* Build configuration list for PBXNativeTarget "HackathonThing" */;
			buildPhases = (
				111C5187ED2630AB11865394 /* Check Pods Manifest.lock */,
				7EB98A891C59289C004067C5 /* Sources */,
				7EB98A8A1C59289C004067C5 /* Frameworks */,
				7EB98A8B1C59289C004067C5 /* Resources */,
				DD8CDEA22B46ACCAF700E60F /* Copy Pods Resources */,
			);
			buildRules = (
			);
			dependencies = (
			);
			name = HackathonThing;
			productName = HackathonThing;
			productReference = 7EB98A8D1C59289C004067C5 /* HackathonThing.app */;
			productType = "com.apple.product-type.application";
		};
		7EB98AA51C59289C004067C5 /* HackathonThingTests */ = {
			isa = PBXNativeTarget;
			buildConfigurationList = 7EB98ABD1C59289C004067C5 /* Build configuration list for PBXNativeTarget "HackathonThingTests" */;
			buildPhases = (
				7EB98AA21C59289C004067C5 /* Sources */,
				7EB98AA31C59289C004067C5 /* Frameworks */,
				7EB98AA41C59289C004067C5 /* Resources */,
			);
			buildRules = (
			);
			dependencies = (
				7EB98AA81C59289C004067C5 /* PBXTargetDependency */,
			);
			name = HackathonThingTests;
			productName = HackathonThingTests;
			productReference = 7EB98AA61C59289C004067C5 /* HackathonThingTests.xctest */;
			productType = "com.apple.product-type.bundle.unit-test";
		};
		7EB98AB01C59289C004067C5 /* HackathonThingUITests */ = {
			isa = PBXNativeTarget;
			buildConfigurationList = 7EB98AC01C59289C004067C5 /* Build configuration list for PBXNativeTarget "HackathonThingUITests" */;
			buildPhases = (
				7EB98AAD1C59289C004067C5 /* Sources */,
				7EB98AAE1C59289C004067C5 /* Frameworks */,
				7EB98AAF1C59289C004067C5 /* Resources */,
			);
			buildRules = (
			);
			dependencies = (
				7EB98AB31C59289C004067C5 /* PBXTargetDependency */,
			);
			name = HackathonThingUITests;
			productName = HackathonThingUITests;
			productReference = 7EB98AB11C59289C004067C5 /* HackathonThingUITests.xctest */;
			productType = "com.apple.product-type.bundle.ui-testing";
		};
/* End PBXNativeTarget section */

/* Begin PBXProject section */
		7EB98A851C59289C004067C5 /* Project object */ = {
			isa = PBXProject;
			attributes = {
				LastUpgradeCheck = 0720;
				ORGANIZATIONNAME = "Reigning Champs";
				TargetAttributes = {
					7EB98A8C1C59289C004067C5 = {
						CreatedOnToolsVersion = 7.2;
					};
					7EB98AA51C59289C004067C5 = {
						CreatedOnToolsVersion = 7.2;
						TestTargetID = 7EB98A8C1C59289C004067C5;
					};
					7EB98AB01C59289C004067C5 = {
						CreatedOnToolsVersion = 7.2;
						TestTargetID = 7EB98A8C1C59289C004067C5;
					};
				};
			};
			buildConfigurationList = 7EB98A881C59289C004067C5 /* Build configuration list for PBXProject "HackathonThing" */;
			compatibilityVersion = "Xcode 3.2";
			developmentRegion = English;
			hasScannedForEncodings = 0;
			knownRegions = (
				en,
				Base,
			);
			mainGroup = 7EB98A841C59289C004067C5;
			productRefGroup = 7EB98A8E1C59289C004067C5 /* Products */;
			projectDirPath = "";
			projectRoot = "";
			targets = (
				7EB98A8C1C59289C004067C5 /* HackathonThing */,
				7EB98AA51C59289C004067C5 /* HackathonThingTests */,
				7EB98AB01C59289C004067C5 /* HackathonThingUITests */,
			);
		};
/* End PBXProject section */

/* Begin PBXResourcesBuildPhase section */
		7EB98A8B1C59289C004067C5 /* Resources */ = {
			isa = PBXResourcesBuildPhase;
			buildActionMask = 2147483647;
			files = (
				7E0D19EA1C59555300F11FD1 /* Snuffles.png in Resources */,
				7EB98AA01C59289C004067C5 /* LaunchScreen.storyboard in Resources */,
				7EB98A9D1C59289C004067C5 /* Assets.xcassets in Resources */,
				7E0D19E91C59555300F11FD1 /* Rick.png in Resources */,
				7E0D19E41C59555300F11FD1 /* Meeseeks.png in Resources */,
				7E0D19E71C59555300F11FD1 /* MuscleRick.png in Resources */,
				7E0D19E51C59555300F11FD1 /* Morty.png in Resources */,
				7EB98A9B1C59289C004067C5 /* Main.storyboard in Resources */,
				7E0D19E61C59555300F11FD1 /* MrGoldenfold.png in Resources */,
				7E0D19E31C59555300F11FD1 /* Birdman.png in Resources */,
				7E0D19E81C59555300F11FD1 /* PoopyButthole.png in Resources */,
			);
			runOnlyForDeploymentPostprocessing = 0;
		};
		7EB98AA41C59289C004067C5 /* Resources */ = {
			isa = PBXResourcesBuildPhase;
			buildActionMask = 2147483647;
			files = (
			);
			runOnlyForDeploymentPostprocessing = 0;
		};
		7EB98AAF1C59289C004067C5 /* Resources */ = {
			isa = PBXResourcesBuildPhase;
			buildActionMask = 2147483647;
			files = (
			);
			runOnlyForDeploymentPostprocessing = 0;
		};
/* End PBXResourcesBuildPhase section */

/* Begin PBXShellScriptBuildPhase section */
		111C5187ED2630AB11865394 /* Check Pods Manifest.lock */ = {
			isa = PBXShellScriptBuildPhase;
			buildActionMask = 2147483647;
			files = (
			);
			inputPaths = (
			);
			name = "Check Pods Manifest.lock";
			outputPaths = (
			);
			runOnlyForDeploymentPostprocessing = 0;
			shellPath = /bin/sh;
			shellScript = "diff \"${PODS_ROOT}/../Podfile.lock\" \"${PODS_ROOT}/Manifest.lock\" > /dev/null\nif [[ $? != 0 ]] ; then\n    cat << EOM\nerror: The sandbox is not in sync with the Podfile.lock. Run 'pod install' or update your CocoaPods installation.\nEOM\n    exit 1\nfi\n";
			showEnvVarsInLog = 0;
		};
		DD8CDEA22B46ACCAF700E60F /* Copy Pods Resources */ = {
			isa = PBXShellScriptBuildPhase;
			buildActionMask = 2147483647;
			files = (
			);
			inputPaths = (
			);
			name = "Copy Pods Resources";
			outputPaths = (
			);
			runOnlyForDeploymentPostprocessing = 0;
			shellPath = /bin/sh;
			shellScript = "\"${SRCROOT}/Pods/Target Support Files/Pods-HackathonThing/Pods-HackathonThing-resources.sh\"\n";
			showEnvVarsInLog = 0;
		};
/* End PBXShellScriptBuildPhase section */

/* Begin PBXSourcesBuildPhase section */
		7EB98A891C59289C004067C5 /* Sources */ = {
			isa = PBXSourcesBuildPhase;
			buildActionMask = 2147483647;
			files = (
				7EB98A981C59289C004067C5 /* ViewController.m in Sources */,
				7E0D19ED1C5955B400F11FD1 /* AthleteModel.m in Sources */,
				7EB98A951C59289C004067C5 /* AppDelegate.m in Sources */,
				7E0D19D31C5937FA00F11FD1 /* HTTPClient.m in Sources */,
				7E0D19D61C594CC800F11FD1 /* SwipeViewController.m in Sources */,
				7E0D19D91C59529800F11FD1 /* AthleteView.m in Sources */,
				7EB98A921C59289C004067C5 /* main.m in Sources */,
			);
			runOnlyForDeploymentPostprocessing = 0;
		};
		7EB98AA21C59289C004067C5 /* Sources */ = {
			isa = PBXSourcesBuildPhase;
			buildActionMask = 2147483647;
			files = (
				7EB98AAB1C59289C004067C5 /* HackathonThingTests.m in Sources */,
			);
			runOnlyForDeploymentPostprocessing = 0;
		};
		7EB98AAD1C59289C004067C5 /* Sources */ = {
			isa = PBXSourcesBuildPhase;
			buildActionMask = 2147483647;
			files = (
				7EB98AB61C59289C004067C5 /* HackathonThingUITests.m in Sources */,
			);
			runOnlyForDeploymentPostprocessing = 0;
		};
/* End PBXSourcesBuildPhase section */

/* Begin PBXTargetDependency section */
		7EB98AA81C59289C004067C5 /* PBXTargetDependency */ = {
			isa = PBXTargetDependency;
			target = 7EB98A8C1C59289C004067C5 /* HackathonThing */;
			targetProxy = 7EB98AA71C59289C004067C5 /* PBXContainerItemProxy */;
		};
		7EB98AB31C59289C004067C5 /* PBXTargetDependency */ = {
			isa = PBXTargetDependency;
			target = 7EB98A8C1C59289C004067C5 /* HackathonThing */;
			targetProxy = 7EB98AB21C59289C004067C5 /* PBXContainerItemProxy */;
		};
/* End PBXTargetDependency section */

/* Begin PBXVariantGroup section */
		7EB98A991C59289C004067C5 /* Main.storyboard */ = {
			isa = PBXVariantGroup;
			children = (
				7EB98A9A1C59289C004067C5 /* Base */,
			);
			name = Main.storyboard;
			sourceTree = "<group>";
		};
		7EB98A9E1C59289C004067C5 /* LaunchScreen.storyboard */ = {
			isa = PBXVariantGroup;
			children = (
				7EB98A9F1C59289C004067C5 /* Base */,
			);
			name = LaunchScreen.storyboard;
			sourceTree = "<group>";
		};
/* End PBXVariantGroup section */

/* Begin XCBuildConfiguration section */
		7EB98AB81C59289C004067C5 /* Debug */ = {
			isa = XCBuildConfiguration;
			buildSettings = {
				ALWAYS_SEARCH_USER_PATHS = NO;
				CLANG_CXX_LANGUAGE_STANDARD = "gnu++0x";
				CLANG_CXX_LIBRARY = "libc++";
				CLANG_ENABLE_MODULES = YES;
				CLANG_ENABLE_OBJC_ARC = YES;
				CLANG_WARN_BOOL_CONVERSION = YES;
				CLANG_WARN_CONSTANT_CONVERSION = YES;
				CLANG_WARN_DIRECT_OBJC_ISA_USAGE = YES_ERROR;
				CLANG_WARN_EMPTY_BODY = YES;
				CLANG_WARN_ENUM_CONVERSION = YES;
				CLANG_WARN_INT_CONVERSION = YES;
				CLANG_WARN_OBJC_ROOT_CLASS = YES_ERROR;
				CLANG_WARN_UNREACHABLE_CODE = YES;
				CLANG_WARN__DUPLICATE_METHOD_MATCH = YES;
				"CODE_SIGN_IDENTITY[sdk=iphoneos*]" = "iPhone Developer";
				COPY_PHASE_STRIP = NO;
				DEBUG_INFORMATION_FORMAT = dwarf;
				ENABLE_STRICT_OBJC_MSGSEND = YES;
				ENABLE_TESTABILITY = YES;
				GCC_C_LANGUAGE_STANDARD = gnu99;
				GCC_DYNAMIC_NO_PIC = NO;
				GCC_NO_COMMON_BLOCKS = YES;
				GCC_OPTIMIZATION_LEVEL = 0;
				GCC_PREPROCESSOR_DEFINITIONS = (
					"DEBUG=1",
					"$(inherited)",
				);
				GCC_WARN_64_TO_32_BIT_CONVERSION = YES;
				GCC_WARN_ABOUT_RETURN_TYPE = YES_ERROR;
				GCC_WARN_UNDECLARED_SELECTOR = YES;
				GCC_WARN_UNINITIALIZED_AUTOS = YES_AGGRESSIVE;
				GCC_WARN_UNUSED_FUNCTION = YES;
				GCC_WARN_UNUSED_VARIABLE = YES;
				IPHONEOS_DEPLOYMENT_TARGET = 9.2;
				MTL_ENABLE_DEBUG_INFO = YES;
				ONLY_ACTIVE_ARCH = YES;
				SDKROOT = iphoneos;
				TARGETED_DEVICE_FAMILY = "1,2";
			};
			name = Debug;
		};
		7EB98AB91C59289C004067C5 /* Release */ = {
			isa = XCBuildConfiguration;
			buildSettings = {
				ALWAYS_SEARCH_USER_PATHS = NO;
				CLANG_CXX_LANGUAGE_STANDARD = "gnu++0x";
				CLANG_CXX_LIBRARY = "libc++";
				CLANG_ENABLE_MODULES = YES;
				CLANG_ENABLE_OBJC_ARC = YES;
				CLANG_WARN_BOOL_CONVERSION = YES;
				CLANG_WARN_CONSTANT_CONVERSION = YES;
				CLANG_WARN_DIRECT_OBJC_ISA_USAGE = YES_ERROR;
				CLANG_WARN_EMPTY_BODY = YES;
				CLANG_WARN_ENUM_CONVERSION = YES;
				CLANG_WARN_INT_CONVERSION = YES;
				CLANG_WARN_OBJC_ROOT_CLASS = YES_ERROR;
				CLANG_WARN_UNREACHABLE_CODE = YES;
				CLANG_WARN__DUPLICATE_METHOD_MATCH = YES;
				"CODE_SIGN_IDENTITY[sdk=iphoneos*]" = "iPhone Developer";
				COPY_PHASE_STRIP = NO;
				DEBUG_INFORMATION_FORMAT = "dwarf-with-dsym";
				ENABLE_NS_ASSERTIONS = NO;
				ENABLE_STRICT_OBJC_MSGSEND = YES;
				GCC_C_LANGUAGE_STANDARD = gnu99;
				GCC_NO_COMMON_BLOCKS = YES;
				GCC_WARN_64_TO_32_BIT_CONVERSION = YES;
				GCC_WARN_ABOUT_RETURN_TYPE = YES_ERROR;
				GCC_WARN_UNDECLARED_SELECTOR = YES;
				GCC_WARN_UNINITIALIZED_AUTOS = YES_AGGRESSIVE;
				GCC_WARN_UNUSED_FUNCTION = YES;
				GCC_WARN_UNUSED_VARIABLE = YES;
				IPHONEOS_DEPLOYMENT_TARGET = 9.2;
				MTL_ENABLE_DEBUG_INFO = NO;
				SDKROOT = iphoneos;
				TARGETED_DEVICE_FAMILY = "1,2";
				VALIDATE_PRODUCT = YES;
			};
			name = Release;
		};
		7EB98ABB1C59289C004067C5 /* Debug */ = {
			isa = XCBuildConfiguration;
			baseConfigurationReference = 194EBA3F74AC789E6F5BDBE2 /* Pods-HackathonThing.debug.xcconfig */;
			buildSettings = {
				ASSETCATALOG_COMPILER_APPICON_NAME = AppIcon;
				INFOPLIST_FILE = HackathonThing/Info.plist;
				LD_RUNPATH_SEARCH_PATHS = "$(inherited) @executable_path/Frameworks";
				PRODUCT_BUNDLE_IDENTIFIER = com.berecruited.HackathonThing;
				PRODUCT_NAME = "$(TARGET_NAME)";
			};
			name = Debug;
		};
		7EB98ABC1C59289C004067C5 /* Release */ = {
			isa = XCBuildConfiguration;
			baseConfigurationReference = A50C47E472831B5ED248D5A6 /* Pods-HackathonThing.release.xcconfig */;
			buildSettings = {
				ASSETCATALOG_COMPILER_APPICON_NAME = AppIcon;
				INFOPLIST_FILE = HackathonThing/Info.plist;
				LD_RUNPATH_SEARCH_PATHS = "$(inherited) @executable_path/Frameworks";
				PRODUCT_BUNDLE_IDENTIFIER = com.berecruited.HackathonThing;
				PRODUCT_NAME = "$(TARGET_NAME)";
			};
			name = Release;
		};
		7EB98ABE1C59289C004067C5 /* Debug */ = {
			isa = XCBuildConfiguration;
			buildSettings = {
				BUNDLE_LOADER = "$(TEST_HOST)";
				INFOPLIST_FILE = HackathonThingTests/Info.plist;
				LD_RUNPATH_SEARCH_PATHS = "$(inherited) @executable_path/Frameworks @loader_path/Frameworks";
				PRODUCT_BUNDLE_IDENTIFIER = com.berecruited.HackathonThingTests;
				PRODUCT_NAME = "$(TARGET_NAME)";
				TEST_HOST = "$(BUILT_PRODUCTS_DIR)/HackathonThing.app/HackathonThing";
			};
			name = Debug;
		};
		7EB98ABF1C59289C004067C5 /* Release */ = {
			isa = XCBuildConfiguration;
			buildSettings = {
				BUNDLE_LOADER = "$(TEST_HOST)";
				INFOPLIST_FILE = HackathonThingTests/Info.plist;
				LD_RUNPATH_SEARCH_PATHS = "$(inherited) @executable_path/Frameworks @loader_path/Frameworks";
				PRODUCT_BUNDLE_IDENTIFIER = com.berecruited.HackathonThingTests;
				PRODUCT_NAME = "$(TARGET_NAME)";
				TEST_HOST = "$(BUILT_PRODUCTS_DIR)/HackathonThing.app/HackathonThing";
			};
			name = Release;
		};
		7EB98AC11C59289C004067C5 /* Debug */ = {
			isa = XCBuildConfiguration;
			buildSettings = {
				INFOPLIST_FILE = HackathonThingUITests/Info.plist;
				LD_RUNPATH_SEARCH_PATHS = "$(inherited) @executable_path/Frameworks @loader_path/Frameworks";
				PRODUCT_BUNDLE_IDENTIFIER = com.berecruited.HackathonThingUITests;
				PRODUCT_NAME = "$(TARGET_NAME)";
				TEST_TARGET_NAME = HackathonThing;
				USES_XCTRUNNER = YES;
			};
			name = Debug;
		};
		7EB98AC21C59289C004067C5 /* Release */ = {
			isa = XCBuildConfiguration;
			buildSettings = {
				INFOPLIST_FILE = HackathonThingUITests/Info.plist;
				LD_RUNPATH_SEARCH_PATHS = "$(inherited) @executable_path/Frameworks @loader_path/Frameworks";
				PRODUCT_BUNDLE_IDENTIFIER = com.berecruited.HackathonThingUITests;
				PRODUCT_NAME = "$(TARGET_NAME)";
				TEST_TARGET_NAME = HackathonThing;
				USES_XCTRUNNER = YES;
			};
			name = Release;
		};
/* End XCBuildConfiguration section */

/* Begin XCConfigurationList section */
		7EB98A881C59289C004067C5 /* Build configuration list for PBXProject "HackathonThing" */ = {
			isa = XCConfigurationList;
			buildConfigurations = (
				7EB98AB81C59289C004067C5 /* Debug */,
				7EB98AB91C59289C004067C5 /* Release */,
			);
			defaultConfigurationIsVisible = 0;
			defaultConfigurationName = Release;
		};
		7EB98ABA1C59289C004067C5 /* Build configuration list for PBXNativeTarget "HackathonThing" */ = {
			isa = XCConfigurationList;
			buildConfigurations = (
				7EB98ABB1C59289C004067C5 /* Debug */,
				7EB98ABC1C59289C004067C5 /* Release */,
			);
			defaultConfigurationIsVisible = 0;
			defaultConfigurationName = Release;
		};
		7EB98ABD1C59289C004067C5 /* Build configuration list for PBXNativeTarget "HackathonThingTests" */ = {
			isa = XCConfigurationList;
			buildConfigurations = (
				7EB98ABE1C59289C004067C5 /* Debug */,
				7EB98ABF1C59289C004067C5 /* Release */,
			);
			defaultConfigurationIsVisible = 0;
			defaultConfigurationName = Release;
		};
		7EB98AC01C59289C004067C5 /* Build configuration list for PBXNativeTarget "HackathonThingUITests" */ = {
			isa = XCConfigurationList;
			buildConfigurations = (
				7EB98AC11C59289C004067C5 /* Debug */,
				7EB98AC21C59289C004067C5 /* Release */,
			);
			defaultConfigurationIsVisible = 0;
			defaultConfigurationName = Release;
		};
/* End XCConfigurationList section */
	};
	rootObject = 7EB98A851C59289C004067C5 /* Project object */;
}
